// !$*UTF8*$!
{
	archiveVersion = 1;
	classes = {
	};
	objectVersion = 56;
	objects = {

/* Begin PBXBuildFile section */
		A78FC61B28E19617006ECA95 /* SwiftUIMVVMExampleApp.swift in Sources */ = {isa = PBXBuildFile; fileRef = A78FC61A28E19617006ECA95 /* SwiftUIMVVMExampleApp.swift */; };
		A78FC61D28E19618006ECA95 /* ContentView.swift in Sources */ = {isa = PBXBuildFile; fileRef = A78FC61C28E19618006ECA95 /* ContentView.swift */; };
		A78FC61F28E1961E006ECA95 /* Assets.xcassets in Resources */ = {isa = PBXBuildFile; fileRef = A78FC61E28E1961E006ECA95 /* Assets.xcassets */; };
		A78FC62328E1961E006ECA95 /* Preview Assets.xcassets in Resources */ = {isa = PBXBuildFile; fileRef = A78FC62228E1961E006ECA95 /* Preview Assets.xcassets */; };
		A78FC64828E1968B006ECA95 /* ViewModel.swift in Sources */ = {isa = PBXBuildFile; fileRef = A78FC64728E1968B006ECA95 /* ViewModel.swift */; };
		A78FC64A28E19A68006ECA95 /* MainPageView.swift in Sources */ = {isa = PBXBuildFile; fileRef = A78FC64928E19A68006ECA95 /* MainPageView.swift */; };
		A78FC64D28E19B00006ECA95 /* NetworkManager.swift in Sources */ = {isa = PBXBuildFile; fileRef = A78FC64C28E19B00006ECA95 /* NetworkManager.swift */; };
		A78FC64F28E19B40006ECA95 /* Food.swift in Sources */ = {isa = PBXBuildFile; fileRef = A78FC64E28E19B40006ECA95 /* Food.swift */; };
/* End PBXBuildFile section */

/* Begin PBXContainerItemProxy section */
		A78FC62928E1961E006ECA95 /* PBXContainerItemProxy */ = {
			isa = PBXContainerItemProxy;
			containerPortal = A78FC60F28E19617006ECA95 /* Project object */;
			proxyType = 1;
			remoteGlobalIDString = A78FC61628E19617006ECA95;
			remoteInfo = SwiftUIMVVMExample;
		};
		A78FC63328E1961E006ECA95 /* PBXContainerItemProxy */ = {
			isa = PBXContainerItemProxy;
			containerPortal = A78FC60F28E19617006ECA95 /* Project object */;
			proxyType = 1;
			remoteGlobalIDString = A78FC61628E19617006ECA95;
			remoteInfo = SwiftUIMVVMExample;
		};
/* End PBXContainerItemProxy section */

/* Begin PBXFileReference section */
		A78FC61728E19617006ECA95 /* SwiftUIMVVMExample.app */ = {isa = PBXFileReference; explicitFileType = wrapper.application; includeInIndex = 0; path = SwiftUIMVVMExample.app; sourceTree = BUILT_PRODUCTS_DIR; };
		A78FC61A28E19617006ECA95 /* SwiftUIMVVMExampleApp.swift */ = {isa = PBXFileReference; lastKnownFileType = sourcecode.swift; path = SwiftUIMVVMExampleApp.swift; sourceTree = "<group>"; };
		A78FC61C28E19618006ECA95 /* ContentView.swift */ = {isa = PBXFileReference; lastKnownFileType = sourcecode.swift; path = ContentView.swift; sourceTree = "<group>"; };
		A78FC61E28E1961E006ECA95 /* Assets.xcassets */ = {isa = PBXFileReference; lastKnownFileType = folder.assetcatalog; path = Assets.xcassets; sourceTree = "<group>"; };
		A78FC62028E1961E006ECA95 /* SwiftUIMVVMExample.entitlements */ = {isa = PBXFileReference; lastKnownFileType = text.plist.entitlements; path = SwiftUIMVVMExample.entitlements; sourceTree = "<group>"; };
		A78FC62228E1961E006ECA95 /* Preview Assets.xcassets */ = {isa = PBXFileReference; lastKnownFileType = folder.assetcatalog; path = "Preview Assets.xcassets"; sourceTree = "<group>"; };
		A78FC62828E1961E006ECA95 /* SwiftUIMVVMExampleTests.xctest */ = {isa = PBXFileReference; explicitFileType = wrapper.cfbundle; includeInIndex = 0; path = SwiftUIMVVMExampleTests.xctest; sourceTree = BUILT_PRODUCTS_DIR; };
		A78FC63228E1961E006ECA95 /* SwiftUIMVVMExampleUITests.xctest */ = {isa = PBXFileReference; explicitFileType = wrapper.cfbundle; includeInIndex = 0; path = SwiftUIMVVMExampleUITests.xctest; sourceTree = BUILT_PRODUCTS_DIR; };
		A78FC64728E1968B006ECA95 /* ViewModel.swift */ = {isa = PBXFileReference; lastKnownFileType = sourcecode.swift; path = ViewModel.swift; sourceTree = "<group>"; };
		A78FC64928E19A68006ECA95 /* MainPageView.swift */ = {isa = PBXFileReference; lastKnownFileType = sourcecode.swift; path = MainPageView.swift; sourceTree = "<group>"; };
		A78FC64C28E19B00006ECA95 /* NetworkManager.swift */ = {isa = PBXFileReference; lastKnownFileType = sourcecode.swift; path = NetworkManager.swift; sourceTree = "<group>"; };
		A78FC64E28E19B40006ECA95 /* Food.swift */ = {isa = PBXFileReference; lastKnownFileType = sourcecode.swift; path = Food.swift; sourceTree = "<group>"; };
/* End PBXFileReference section */

/* Begin PBXFrameworksBuildPhase section */
		A78FC61428E19617006ECA95 /* Frameworks */ = {
			isa = PBXFrameworksBuildPhase;
			buildActionMask = 2147483647;
			files = (
			);
			runOnlyForDeploymentPostprocessing = 0;
		};
		A78FC62528E1961E006ECA95 /* Frameworks */ = {
			isa = PBXFrameworksBuildPhase;
			buildActionMask = 2147483647;
			files = (
			);
			runOnlyForDeploymentPostprocessing = 0;
		};
		A78FC62F28E1961E006ECA95 /* Frameworks */ = {
			isa = PBXFrameworksBuildPhase;
			buildActionMask = 2147483647;
			files = (
			);
			runOnlyForDeploymentPostprocessing = 0;
		};
/* End PBXFrameworksBuildPhase section */

/* Begin PBXGroup section */
		A78FC60E28E19617006ECA95 = {
			isa = PBXGroup;
			children = (
				A78FC61928E19617006ECA95 /* SwiftUIMVVMExample */,
				A78FC61828E19617006ECA95 /* Products */,
			);
			sourceTree = "<group>";
		};
		A78FC61828E19617006ECA95 /* Products */ = {
			isa = PBXGroup;
			children = (
				A78FC61728E19617006ECA95 /* SwiftUIMVVMExample.app */,
				A78FC62828E1961E006ECA95 /* SwiftUIMVVMExampleTests.xctest */,
				A78FC63228E1961E006ECA95 /* SwiftUIMVVMExampleUITests.xctest */,
			);
			name = Products;
			sourceTree = "<group>";
		};
		A78FC61928E19617006ECA95 /* SwiftUIMVVMExample */ = {
			isa = PBXGroup;
			children = (
				A78FC64B28E19AF4006ECA95 /* Networking */,
				A78FC64528E19670006ECA95 /* Scenes */,
				A78FC61A28E19617006ECA95 /* SwiftUIMVVMExampleApp.swift */,
				A78FC61C28E19618006ECA95 /* ContentView.swift */,
				A78FC61E28E1961E006ECA95 /* Assets.xcassets */,
				A78FC62028E1961E006ECA95 /* SwiftUIMVVMExample.entitlements */,
				A78FC62128E1961E006ECA95 /* Preview Content */,
			);
			path = SwiftUIMVVMExample;
			sourceTree = "<group>";
		};
		A78FC62128E1961E006ECA95 /* Preview Content */ = {
			isa = PBXGroup;
			children = (
				A78FC62228E1961E006ECA95 /* Preview Assets.xcassets */,
			);
			path = "Preview Content";
			sourceTree = "<group>";
		};
		A78FC64528E19670006ECA95 /* Scenes */ = {
			isa = PBXGroup;
			children = (
				A78FC64628E1967A006ECA95 /* MainPage */,
			);
			path = Scenes;
			sourceTree = "<group>";
		};
		A78FC64628E1967A006ECA95 /* MainPage */ = {
			isa = PBXGroup;
			children = (
				A78FC64928E19A68006ECA95 /* MainPageView.swift */,
				A78FC64728E1968B006ECA95 /* ViewModel.swift */,
				A78FC64E28E19B40006ECA95 /* Food.swift */,
			);
			path = MainPage;
			sourceTree = "<group>";
		};
		A78FC64B28E19AF4006ECA95 /* Networking */ = {
			isa = PBXGroup;
			children = (
				A78FC64C28E19B00006ECA95 /* NetworkManager.swift */,
			);
			path = Networking;
			sourceTree = "<group>";
		};
/* End PBXGroup section */

/* Begin PBXNativeTarget section */
		A78FC61628E19617006ECA95 /* SwiftUIMVVMExample */ = {
			isa = PBXNativeTarget;
			buildConfigurationList = A78FC63C28E1961E006ECA95 /* Build configuration list for PBXNativeTarget "SwiftUIMVVMExample" */;
			buildPhases = (
				A78FC61328E19617006ECA95 /* Sources */,
				A78FC61428E19617006ECA95 /* Frameworks */,
				A78FC61528E19617006ECA95 /* Resources */,
			);
			buildRules = (
			);
			dependencies = (
			);
			name = SwiftUIMVVMExample;
			productName = SwiftUIMVVMExample;
			productReference = A78FC61728E19617006ECA95 /* SwiftUIMVVMExample.app */;
			productType = "com.apple.product-type.application";
		};
		A78FC62728E1961E006ECA95 /* SwiftUIMVVMExampleTests */ = {
			isa = PBXNativeTarget;
			buildConfigurationList = A78FC63F28E1961E006ECA95 /* Build configuration list for PBXNativeTarget "SwiftUIMVVMExampleTests" */;
			buildPhases = (
				A78FC62428E1961E006ECA95 /* Sources */,
				A78FC62528E1961E006ECA95 /* Frameworks */,
				A78FC62628E1961E006ECA95 /* Resources */,
			);
			buildRules = (
			);
			dependencies = (
				A78FC62A28E1961E006ECA95 /* PBXTargetDependency */,
			);
			name = SwiftUIMVVMExampleTests;
			productName = SwiftUIMVVMExampleTests;
			productReference = A78FC62828E1961E006ECA95 /* SwiftUIMVVMExampleTests.xctest */;
			productType = "com.apple.product-type.bundle.unit-test";
		};
		A78FC63128E1961E006ECA95 /* SwiftUIMVVMExampleUITests */ = {
			isa = PBXNativeTarget;
			buildConfigurationList = A78FC64228E1961E006ECA95 /* Build configuration list for PBXNativeTarget "SwiftUIMVVMExampleUITests" */;
			buildPhases = (
				A78FC62E28E1961E006ECA95 /* Sources */,
				A78FC62F28E1961E006ECA95 /* Frameworks */,
				A78FC63028E1961E006ECA95 /* Resources */,
			);
			buildRules = (
			);
			dependencies = (
				A78FC63428E1961E006ECA95 /* PBXTargetDependency */,
			);
			name = SwiftUIMVVMExampleUITests;
			productName = SwiftUIMVVMExampleUITests;
			productReference = A78FC63228E1961E006ECA95 /* SwiftUIMVVMExampleUITests.xctest */;
			productType = "com.apple.product-type.bundle.ui-testing";
		};
/* End PBXNativeTarget section */

/* Begin PBXProject section */
		A78FC60F28E19617006ECA95 /* Project object */ = {
			isa = PBXProject;
			attributes = {
				BuildIndependentTargetsInParallel = 1;
				LastSwiftUpdateCheck = 1400;
				LastUpgradeCheck = 1400;
				TargetAttributes = {
					A78FC61628E19617006ECA95 = {
						CreatedOnToolsVersion = 14.0;
					};
					A78FC62728E1961E006ECA95 = {
						CreatedOnToolsVersion = 14.0;
						TestTargetID = A78FC61628E19617006ECA95;
					};
					A78FC63128E1961E006ECA95 = {
						CreatedOnToolsVersion = 14.0;
						TestTargetID = A78FC61628E19617006ECA95;
					};
				};
			};
			buildConfigurationList = A78FC61228E19617006ECA95 /* Build configuration list for PBXProject "SwiftUIMVVMExample" */;
			compatibilityVersion = "Xcode 14.0";
			developmentRegion = en;
			hasScannedForEncodings = 0;
			knownRegions = (
				en,
				Base,
			);
			mainGroup = A78FC60E28E19617006ECA95;
			productRefGroup = A78FC61828E19617006ECA95 /* Products */;
			projectDirPath = "";
			projectRoot = "";
			targets = (
				A78FC61628E19617006ECA95 /* SwiftUIMVVMExample */,
				A78FC62728E1961E006ECA95 /* SwiftUIMVVMExampleTests */,
				A78FC63128E1961E006ECA95 /* SwiftUIMVVMExampleUITests */,
			);
		};
/* End PBXProject section */

/* Begin PBXResourcesBuildPhase section */
		A78FC61528E19617006ECA95 /* Resources */ = {
			isa = PBXResourcesBuildPhase;
			buildActionMask = 2147483647;
			files = (
				A78FC62328E1961E006ECA95 /* Preview Assets.xcassets in Resources */,
				A78FC61F28E1961E006ECA95 /* Assets.xcassets in Resources */,
			);
			runOnlyForDeploymentPostprocessing = 0;
		};
		A78FC62628E1961E006ECA95 /* Resources */ = {
			isa = PBXResourcesBuildPhase;
			buildActionMask = 2147483647;
			files = (
			);
			runOnlyForDeploymentPostprocessing = 0;
		};
		A78FC63028E1961E006ECA95 /* Resources */ = {
			isa = PBXResourcesBuildPhase;
			buildActionMask = 2147483647;
			files = (
			);
			runOnlyForDeploymentPostprocessing = 0;
		};
/* End PBXResourcesBuildPhase section */

/* Begin PBXSourcesBuildPhase section */
		A78FC61328E19617006ECA95 /* Sources */ = {
			isa = PBXSourcesBuildPhase;
			buildActionMask = 2147483647;
			files = (
				A78FC64828E1968B006ECA95 /* ViewModel.swift in Sources */,
				A78FC64F28E19B40006ECA95 /* Food.swift in Sources */,
				A78FC61D28E19618006ECA95 /* ContentView.swift in Sources */,
				A78FC64D28E19B00006ECA95 /* NetworkManager.swift in Sources */,
				A78FC64A28E19A68006ECA95 /* MainPageView.swift in Sources */,
				A78FC61B28E19617006ECA95 /* SwiftUIMVVMExampleApp.swift in Sources */,
			);
			runOnlyForDeploymentPostprocessing = 0;
		};
		A78FC62428E1961E006ECA95 /* Sources */ = {
			isa = PBXSourcesBuildPhase;
			buildActionMask = 2147483647;
			files = (
			);
			runOnlyForDeploymentPostprocessing = 0;
		};
		A78FC62E28E1961E006ECA95 /* Sources */ = {
			isa = PBXSourcesBuildPhase;
			buildActionMask = 2147483647;
			files = (
			);
			runOnlyForDeploymentPostprocessing = 0;
		};
/* End PBXSourcesBuildPhase section */

/* Begin PBXTargetDependency section */
		A78FC62A28E1961E006ECA95 /* PBXTargetDependency */ = {
			isa = PBXTargetDependency;
			target = A78FC61628E19617006ECA95 /* SwiftUIMVVMExample */;
			targetProxy = A78FC62928E1961E006ECA95 /* PBXContainerItemProxy */;
		};
		A78FC63428E1961E006ECA95 /* PBXTargetDependency */ = {
			isa = PBXTargetDependency;
			target = A78FC61628E19617006ECA95 /* SwiftUIMVVMExample */;
			targetProxy = A78FC63328E1961E006ECA95 /* PBXContainerItemProxy */;
		};
/* End PBXTargetDependency section */

/* Begin XCBuildConfiguration section */
		A78FC63A28E1961E006ECA95 /* Debug */ = {
			isa = XCBuildConfiguration;
			buildSettings = {
				ALWAYS_SEARCH_USER_PATHS = NO;
				CLANG_ANALYZER_NONNULL = YES;
				CLANG_ANALYZER_NUMBER_OBJECT_CONVERSION = YES_AGGRESSIVE;
				CLANG_CXX_LANGUAGE_STANDARD = "gnu++20";
				CLANG_ENABLE_MODULES = YES;
				CLANG_ENABLE_OBJC_ARC = YES;
				CLANG_ENABLE_OBJC_WEAK = YES;
				CLANG_WARN_BLOCK_CAPTURE_AUTORELEASING = YES;
				CLANG_WARN_BOOL_CONVERSION = YES;
				CLANG_WARN_COMMA = YES;
				CLANG_WARN_CONSTANT_CONVERSION = YES;
				CLANG_WARN_DEPRECATED_OBJC_IMPLEMENTATIONS = YES;
				CLANG_WARN_DIRECT_OBJC_ISA_USAGE = YES_ERROR;
				CLANG_WARN_DOCUMENTATION_COMMENTS = YES;
				CLANG_WARN_EMPTY_BODY = YES;
				CLANG_WARN_ENUM_CONVERSION = YES;
				CLANG_WARN_INFINITE_RECURSION = YES;
				CLANG_WARN_INT_CONVERSION = YES;
				CLANG_WARN_NON_LITERAL_NULL_CONVERSION = YES;
				CLANG_WARN_OBJC_IMPLICIT_RETAIN_SELF = YES;
				CLANG_WARN_OBJC_LITERAL_CONVERSION = YES;
				CLANG_WARN_OBJC_ROOT_CLASS = YES_ERROR;
				CLANG_WARN_QUOTED_INCLUDE_IN_FRAMEWORK_HEADER = YES;
				CLANG_WARN_RANGE_LOOP_ANALYSIS = YES;
				CLANG_WARN_STRICT_PROTOTYPES = YES;
				CLANG_WARN_SUSPICIOUS_MOVE = YES;
				CLANG_WARN_UNGUARDED_AVAILABILITY = YES_AGGRESSIVE;
				CLANG_WARN_UNREACHABLE_CODE = YES;
				CLANG_WARN__DUPLICATE_METHOD_MATCH = YES;
				COPY_PHASE_STRIP = NO;
				DEBUG_INFORMATION_FORMAT = dwarf;
				ENABLE_STRICT_OBJC_MSGSEND = YES;
				ENABLE_TESTABILITY = YES;
				GCC_C_LANGUAGE_STANDARD = gnu11;
				GCC_DYNAMIC_NO_PIC = NO;
				GCC_NO_COMMON_BLOCKS = YES;
				GCC_OPTIMIZATION_LEVEL = 0;
				GCC_PREPROCESSOR_DEFINITIONS = (
					"DEBUG=1",
					"$(inherited)",
				);
				GCC_WARN_64_TO_32_BIT_CONVERSION = YES;
				GCC_WARN_ABOUT_RETURN_TYPE = YES_ERROR;
				GCC_WARN_UNDECLARED_SELECTOR = YES;
				GCC_WARN_UNINITIALIZED_AUTOS = YES_AGGRESSIVE;
				GCC_WARN_UNUSED_FUNCTION = YES;
				GCC_WARN_UNUSED_VARIABLE = YES;
				MTL_ENABLE_DEBUG_INFO = INCLUDE_SOURCE;
				MTL_FAST_MATH = YES;
				ONLY_ACTIVE_ARCH = YES;
				SWIFT_ACTIVE_COMPILATION_CONDITIONS = DEBUG;
				SWIFT_OPTIMIZATION_LEVEL = "-Onone";
			};
			name = Debug;
		};
		A78FC63B28E1961E006ECA95 /* Release */ = {
			isa = XCBuildConfiguration;
			buildSettings = {
				ALWAYS_SEARCH_USER_PATHS = NO;
				CLANG_ANALYZER_NONNULL = YES;
				CLANG_ANALYZER_NUMBER_OBJECT_CONVERSION = YES_AGGRESSIVE;
				CLANG_CXX_LANGUAGE_STANDARD = "gnu++20";
				CLANG_ENABLE_MODULES = YES;
				CLANG_ENABLE_OBJC_ARC = YES;
				CLANG_ENABLE_OBJC_WEAK = YES;
				CLANG_WARN_BLOCK_CAPTURE_AUTORELEASING = YES;
				CLANG_WARN_BOOL_CONVERSION = YES;
				CLANG_WARN_COMMA = YES;
				CLANG_WARN_CONSTANT_CONVERSION = YES;
				CLANG_WARN_DEPRECATED_OBJC_IMPLEMENTATIONS = YES;
				CLANG_WARN_DIRECT_OBJC_ISA_USAGE = YES_ERROR;
				CLANG_WARN_DOCUMENTATION_COMMENTS = YES;
				CLANG_WARN_EMPTY_BODY = YES;
				CLANG_WARN_ENUM_CONVERSION = YES;
				CLANG_WARN_INFINITE_RECURSION = YES;
				CLANG_WARN_INT_CONVERSION = YES;
				CLANG_WARN_NON_LITERAL_NULL_CONVERSION = YES;
				CLANG_WARN_OBJC_IMPLICIT_RETAIN_SELF = YES;
				CLANG_WARN_OBJC_LITERAL_CONVERSION = YES;
				CLANG_WARN_OBJC_ROOT_CLASS = YES_ERROR;
				CLANG_WARN_QUOTED_INCLUDE_IN_FRAMEWORK_HEADER = YES;
				CLANG_WARN_RANGE_LOOP_ANALYSIS = YES;
				CLANG_WARN_STRICT_PROTOTYPES = YES;
				CLANG_WARN_SUSPICIOUS_MOVE = YES;
				CLANG_WARN_UNGUARDED_AVAILABILITY = YES_AGGRESSIVE;
				CLANG_WARN_UNREACHABLE_CODE = YES;
				CLANG_WARN__DUPLICATE_METHOD_MATCH = YES;
				COPY_PHASE_STRIP = NO;
				DEBUG_INFORMATION_FORMAT = "dwarf-with-dsym";
				ENABLE_NS_ASSERTIONS = NO;
				ENABLE_STRICT_OBJC_MSGSEND = YES;
				GCC_C_LANGUAGE_STANDARD = gnu11;
				GCC_NO_COMMON_BLOCKS = YES;
				GCC_WARN_64_TO_32_BIT_CONVERSION = YES;
				GCC_WARN_ABOUT_RETURN_TYPE = YES_ERROR;
				GCC_WARN_UNDECLARED_SELECTOR = YES;
				GCC_WARN_UNINITIALIZED_AUTOS = YES_AGGRESSIVE;
				GCC_WARN_UNUSED_FUNCTION = YES;
				GCC_WARN_UNUSED_VARIABLE = YES;
				MTL_ENABLE_DEBUG_INFO = NO;
				MTL_FAST_MATH = YES;
				SWIFT_COMPILATION_MODE = wholemodule;
				SWIFT_OPTIMIZATION_LEVEL = "-O";
			};
			name = Release;
		};
		A78FC63D28E1961E006ECA95 /* Debug */ = {
			isa = XCBuildConfiguration;
			buildSettings = {
				ASSETCATALOG_COMPILER_APPICON_NAME = AppIcon;
				ASSETCATALOG_COMPILER_GLOBAL_ACCENT_COLOR_NAME = AccentColor;
				CODE_SIGN_ENTITLEMENTS = SwiftUIMVVMExample/SwiftUIMVVMExample.entitlements;
				CODE_SIGN_STYLE = Automatic;
				CURRENT_PROJECT_VERSION = 1;
				DEVELOPMENT_ASSET_PATHS = "\"SwiftUIMVVMExample/Preview Content\"";
				DEVELOPMENT_TEAM = 4FP853KHQ6;
				ENABLE_HARDENED_RUNTIME = YES;
				ENABLE_PREVIEWS = YES;
				GENERATE_INFOPLIST_FILE = YES;
				"INFOPLIST_KEY_UIApplicationSceneManifest_Generation[sdk=iphoneos*]" = YES;
				"INFOPLIST_KEY_UIApplicationSceneManifest_Generation[sdk=iphonesimulator*]" = YES;
				"INFOPLIST_KEY_UIApplicationSupportsIndirectInputEvents[sdk=iphoneos*]" = YES;
				"INFOPLIST_KEY_UIApplicationSupportsIndirectInputEvents[sdk=iphonesimulator*]" = YES;
				"INFOPLIST_KEY_UILaunchScreen_Generation[sdk=iphoneos*]" = YES;
				"INFOPLIST_KEY_UILaunchScreen_Generation[sdk=iphonesimulator*]" = YES;
				"INFOPLIST_KEY_UIStatusBarStyle[sdk=iphoneos*]" = UIStatusBarStyleDefault;
				"INFOPLIST_KEY_UIStatusBarStyle[sdk=iphonesimulator*]" = UIStatusBarStyleDefault;
				INFOPLIST_KEY_UISupportedInterfaceOrientations_iPad = "UIInterfaceOrientationPortrait UIInterfaceOrientationPortraitUpsideDown UIInterfaceOrientationLandscapeLeft UIInterfaceOrientationLandscapeRight";
				INFOPLIST_KEY_UISupportedInterfaceOrientations_iPhone = "UIInterfaceOrientationPortrait UIInterfaceOrientationLandscapeLeft UIInterfaceOrientationLandscapeRight";
				IPHONEOS_DEPLOYMENT_TARGET = 16.0;
				LD_RUNPATH_SEARCH_PATHS = "@executable_path/Frameworks";
				"LD_RUNPATH_SEARCH_PATHS[sdk=macosx*]" = "@executable_path/../Frameworks";
				MACOSX_DEPLOYMENT_TARGET = 12.3;
				MARKETING_VERSION = 1.0;
				PRODUCT_BUNDLE_IDENTIFIER = com.ozzy.SwiftUIMVVMExample;
				PRODUCT_NAME = "$(TARGET_NAME)";
				SDKROOT = auto;
				SUPPORTED_PLATFORMS = "iphoneos iphonesimulator macosx";
				SWIFT_EMIT_LOC_STRINGS = YES;
				SWIFT_VERSION = 5.0;
				TARGETED_DEVICE_FAMILY = "1,2";
			};
			name = Debug;
		};
		A78FC63E28E1961E006ECA95 /* Release */ = {
			isa = XCBuildConfiguration;
			buildSettings = {
				ASSETCATALOG_COMPILER_APPICON_NAME = AppIcon;
				ASSETCATALOG_COMPILER_GLOBAL_ACCENT_COLOR_NAME = AccentColor;
				CODE_SIGN_ENTITLEMENTS = SwiftUIMVVMExample/SwiftUIMVVMExample.entitlements;
				CODE_SIGN_STYLE = Automatic;
				CURRENT_PROJECT_VERSION = 1;
				DEVELOPMENT_ASSET_PATHS = "\"SwiftUIMVVMExample/Preview Content\"";
				DEVELOPMENT_TEAM = 4FP853KHQ6;
				ENABLE_HARDENED_RUNTIME = YES;
				ENABLE_PREVIEWS = YES;
				GENERATE_INFOPLIST_FILE = YES;
				"INFOPLIST_KEY_UIApplicationSceneManifest_Generation[sdk=iphoneos*]" = YES;
				"INFOPLIST_KEY_UIApplicationSceneManifest_Generation[sdk=iphonesimulator*]" = YES;
				"INFOPLIST_KEY_UIApplicationSupportsIndirectInputEvents[sdk=iphoneos*]" = YES;
				"INFOPLIST_KEY_UIApplicationSupportsIndirectInputEvents[sdk=iphonesimulator*]" = YES;
				"INFOPLIST_KEY_UILaunchScreen_Generation[sdk=iphoneos*]" = YES;
				"INFOPLIST_KEY_UILaunchScreen_Generation[sdk=iphonesimulator*]" = YES;
				"INFOPLIST_KEY_UIStatusBarStyle[sdk=iphoneos*]" = UIStatusBarStyleDefault;
				"INFOPLIST_KEY_UIStatusBarStyle[sdk=iphonesimulator*]" = UIStatusBarStyleDefault;
				INFOPLIST_KEY_UISupportedInterfaceOrientations_iPad = "UIInterfaceOrientationPortrait UIInterfaceOrientationPortraitUpsideDown UIInterfaceOrientationLandscapeLeft UIInterfaceOrientationLandscapeRight";
				INFOPLIST_KEY_UISupportedInterfaceOrientations_iPhone = "UIInterfaceOrientationPortrait UIInterfaceOrientationLandscapeLeft UIInterfaceOrientationLandscapeRight";
				IPHONEOS_DEPLOYMENT_TARGET = 16.0;
				LD_RUNPATH_SEARCH_PATHS = "@executable_path/Frameworks";
				"LD_RUNPATH_SEARCH_PATHS[sdk=macosx*]" = "@executable_path/../Frameworks";
				MACOSX_DEPLOYMENT_TARGET = 12.3;
				MARKETING_VERSION = 1.0;
				PRODUCT_BUNDLE_IDENTIFIER = com.ozzy.SwiftUIMVVMExample;
				PRODUCT_NAME = "$(TARGET_NAME)";
				SDKROOT = auto;
				SUPPORTED_PLATFORMS = "iphoneos iphonesimulator macosx";
				SWIFT_EMIT_LOC_STRINGS = YES;
				SWIFT_VERSION = 5.0;
				TARGETED_DEVICE_FAMILY = "1,2";
			};
			name = Release;
		};
		A78FC64028E1961E006ECA95 /* Debug */ = {
			isa = XCBuildConfiguration;
			buildSettings = {
				ALWAYS_EMBED_SWIFT_STANDARD_LIBRARIES = YES;
				BUNDLE_LOADER = "$(TEST_HOST)";
				CODE_SIGN_STYLE = Automatic;
				CURRENT_PROJECT_VERSION = 1;
				DEVELOPMENT_TEAM = RNN4Y9Z58L;
				GENERATE_INFOPLIST_FILE = YES;
				IPHONEOS_DEPLOYMENT_TARGET = 16.0;
				MACOSX_DEPLOYMENT_TARGET = 12.3;
				MARKETING_VERSION = 1.0;
				PRODUCT_BUNDLE_IDENTIFIER = com.ozzy.SwiftUIMVVMExampleTests;
				PRODUCT_NAME = "$(TARGET_NAME)";
				SDKROOT = auto;
				SUPPORTED_PLATFORMS = "iphoneos iphonesimulator macosx";
				SWIFT_EMIT_LOC_STRINGS = NO;
				SWIFT_VERSION = 5.0;
				TARGETED_DEVICE_FAMILY = "1,2";
				TEST_HOST = "$(BUILT_PRODUCTS_DIR)/SwiftUIMVVMExample.app/$(BUNDLE_EXECUTABLE_FOLDER_PATH)/SwiftUIMVVMExample";
			};
			name = Debug;
		};
		A78FC64128E1961E006ECA95 /* Release */ = {
			isa = XCBuildConfiguration;
			buildSettings = {
				ALWAYS_EMBED_SWIFT_STANDARD_LIBRARIES = YES;
				BUNDLE_LOADER = "$(TEST_HOST)";
				CODE_SIGN_STYLE = Automatic;
				CURRENT_PROJECT_VERSION = 1;
				DEVELOPMENT_TEAM = RNN4Y9Z58L;
				GENERATE_INFOPLIST_FILE = YES;
				IPHONEOS_DEPLOYMENT_TARGET = 16.0;
				MACOSX_DEPLOYMENT_TARGET = 12.3;
				MARKETING_VERSION = 1.0;
				PRODUCT_BUNDLE_IDENTIFIER = com.ozzy.SwiftUIMVVMExampleTests;
				PRODUCT_NAME = "$(TARGET_NAME)";
				SDKROOT = auto;
				SUPPORTED_PLATFORMS = "iphoneos iphonesimulator macosx";
				SWIFT_EMIT_LOC_STRINGS = NO;
				SWIFT_VERSION = 5.0;
				TARGETED_DEVICE_FAMILY = "1,2";
				TEST_HOST = "$(BUILT_PRODUCTS_DIR)/SwiftUIMVVMExample.app/$(BUNDLE_EXECUTABLE_FOLDER_PATH)/SwiftUIMVVMExample";
			};
			name = Release;
		};
		A78FC64328E1961E006ECA95 /* Debug */ = {
			isa = XCBuildConfiguration;
			buildSettings = {
				ALWAYS_EMBED_SWIFT_STANDARD_LIBRARIES = YES;
				CODE_SIGN_STYLE = Automatic;
				CURRENT_PROJECT_VERSION = 1;
				DEVELOPMENT_TEAM = RNN4Y9Z58L;
				GENERATE_INFOPLIST_FILE = YES;
				IPHONEOS_DEPLOYMENT_TARGET = 16.0;
				MACOSX_DEPLOYMENT_TARGET = 12.3;
				MARKETING_VERSION = 1.0;
				PRODUCT_BUNDLE_IDENTIFIER = com.ozzy.SwiftUIMVVMExampleUITests;
				PRODUCT_NAME = "$(TARGET_NAME)";
				SDKROOT = auto;
				SUPPORTED_PLATFORMS = "iphoneos iphonesimulator macosx";
				SWIFT_EMIT_LOC_STRINGS = NO;
				SWIFT_VERSION = 5.0;
				TARGETED_DEVICE_FAMILY = "1,2";
				TEST_TARGET_NAME = SwiftUIMVVMExample;
			};
			name = Debug;
		};
		A78FC64428E1961E006ECA95 /* Release */ = {
			isa = XCBuildConfiguration;
			buildSettings = {
				ALWAYS_EMBED_SWIFT_STANDARD_LIBRARIES = YES;
				CODE_SIGN_STYLE = Automatic;
				CURRENT_PROJECT_VERSION = 1;
				DEVELOPMENT_TEAM = RNN4Y9Z58L;
				GENERATE_INFOPLIST_FILE = YES;
				IPHONEOS_DEPLOYMENT_TARGET = 16.0;
				MACOSX_DEPLOYMENT_TARGET = 12.3;
				MARKETING_VERSION = 1.0;
				PRODUCT_BUNDLE_IDENTIFIER = com.ozzy.SwiftUIMVVMExampleUITests;
				PRODUCT_NAME = "$(TARGET_NAME)";
				SDKROOT = auto;
				SUPPORTED_PLATFORMS = "iphoneos iphonesimulator macosx";
				SWIFT_EMIT_LOC_STRINGS = NO;
				SWIFT_VERSION = 5.0;
				TARGETED_DEVICE_FAMILY = "1,2";
				TEST_TARGET_NAME = SwiftUIMVVMExample;
			};
			name = Release;
		};
/* End XCBuildConfiguration section */

/* Begin XCConfigurationList section */
		A78FC61228E19617006ECA95 /* Build configuration list for PBXProject "SwiftUIMVVMExample" */ = {
			isa = XCConfigurationList;
			buildConfigurations = (
				A78FC63A28E1961E006ECA95 /* Debug */,
				A78FC63B28E1961E006ECA95 /* Release */,
			);
			defaultConfigurationIsVisible = 0;
			defaultConfigurationName = Release;
		};
		A78FC63C28E1961E006ECA95 /* Build configuration list for PBXNativeTarget "SwiftUIMVVMExample" */ = {
			isa = XCConfigurationList;
			buildConfigurations = (
				A78FC63D28E1961E006ECA95 /* Debug */,
				A78FC63E28E1961E006ECA95 /* Release */,
			);
			defaultConfigurationIsVisible = 0;
			defaultConfigurationName = Release;
		};
		A78FC63F28E1961E006ECA95 /* Build configuration list for PBXNativeTarget "SwiftUIMVVMExampleTests" */ = {
			isa = XCConfigurationList;
			buildConfigurations = (
				A78FC64028E1961E006ECA95 /* Debug */,
				A78FC64128E1961E006ECA95 /* Release */,
			);
			defaultConfigurationIsVisible = 0;
			defaultConfigurationName = Release;
		};
		A78FC64228E1961E006ECA95 /* Build configuration list for PBXNativeTarget "SwiftUIMVVMExampleUITests" */ = {
			isa = XCConfigurationList;
			buildConfigurations = (
				A78FC64328E1961E006ECA95 /* Debug */,
				A78FC64428E1961E006ECA95 /* Release */,
			);
			defaultConfigurationIsVisible = 0;
			defaultConfigurationName = Release;
		};
/* End XCConfigurationList section */
	};
	rootObject = A78FC60F28E19617006ECA95 /* Project object */;
}
